
Microsoft Visual Studio Solution File, Format Version 12.00
# Visual Studio Version 17
VisualStudioVersion = 17.7.34018.315
MinimumVisualStudioVersion = 10.0.40219.1
Project("{8BC9CEB8-8B4A-11D0-8D11-00A0C91BC942}") = "选择排序算法的实现", "选择排序算法的实现\选择排序算法的实现.vcxproj", "{76F50B2D-AED4-4D52-8B9D-27AD405FEC3A}"
EndProject
Global
	GlobalSection(SolutionConfigurationPlatforms) = preSolution
		Debug|x64 = Debug|x64
		Debug|x86 = Debug|x86
		Release|x64 = Release|x64
		Release|x86 = Release|x86
	EndGlobalSection
	GlobalSection(ProjectConfigurationPlatforms) = postSolution
		{76F50B2D-AED4-4D52-8B9D-27AD405FEC3A}.Debug|x64.ActiveCfg = Debug|x64
		{76F50B2D-AED4-4D52-8B9D-27AD405FEC3A}.Debug|x64.Build.0 = Debug|x64
		{76F50B2D-AED4-4D52-8B9D-27AD405FEC3A}.Debug|x86.ActiveCfg = Debug|Win32
		{76F50B2D-AED4-4D52-8B9D-27AD405FEC3A}.Debug|x86.Build.0 = Debug|Win32
		{76F50B2D-AED4-4D52-8B9D-27AD405FEC3A}.Release|x64.ActiveCfg = Release|x64
		{76F50B2D-AED4-4D52-8B9D-27AD405FEC3A}.Release|x64.Build.0 = Release|x64
		{76F50B2D-AED4-4D52-8B9D-27AD405FEC3A}.Release|x86.ActiveCfg = Release|Win32
		{76F50B2D-AED4-4D52-8B9D-27AD405FEC3A}.Release|x86.Build.0 = Release|Win32
	EndGlobalSection
	GlobalSection(SolutionProperties) = preSolution
		HideSolutionNode = FALSE
	EndGlobalSection
	GlobalSection(ExtensibilityGlobals) = postSolution
		SolutionGuid = {9E2325DC-960E-43AE-A117-AE4C7EA5D027}
	EndGlobalSection
EndGlobal
